
Microsoft Visual Studio Solution File, Format Version 12.00
# Visual Studio Version 16
VisualStudioVersion = 16.0.30002.166
MinimumVisualStudioVersion = 10.0.40219.1
Project("{FAE04EC0-301F-11D3-BF4B-00C04F79EFBC}") = "Server", "Server\Server.csproj", "{B34D5A59-2299-448A-AF6F-B32E50081F81}"
EndProject
Project("{FAE04EC0-301F-11D3-BF4B-00C04F79EFBC}") = "GameClient", "..\..\..\ShashcuOnline\checkersExam\GameClient\GameClient\GameClient.csproj", "{89081174-3483-45C0-8424-817D20C019C6}"
EndProject
Global
	GlobalSection(SolutionConfigurationPlatforms) = preSolution
		Debug|Any CPU = Debug|Any CPU
		Release|Any CPU = Release|Any CPU
	EndGlobalSection
	GlobalSection(ProjectConfigurationPlatforms) = postSolution
		{B34D5A59-2299-448A-AF6F-B32E50081F81}.Debug|Any CPU.ActiveCfg = Debug|Any CPU
		{B34D5A59-2299-448A-AF6F-B32E50081F81}.Debug|Any CPU.Build.0 = Debug|Any CPU
		{B34D5A59-2299-448A-AF6F-B32E50081F81}.Release|Any CPU.ActiveCfg = Release|Any CPU
		{B34D5A59-2299-448A-AF6F-B32E50081F81}.Release|Any CPU.Build.0 = Release|Any CPU
		{89081174-3483-45C0-8424-817D20C019C6}.Debug|Any CPU.ActiveCfg = Debug|Any CPU
		{89081174-3483-45C0-8424-817D20C019C6}.Debug|Any CPU.Build.0 = Debug|Any CPU
		{89081174-3483-45C0-8424-817D20C019C6}.Release|Any CPU.ActiveCfg = Release|Any CPU
		{89081174-3483-45C0-8424-817D20C019C6}.Release|Any CPU.Build.0 = Release|Any CPU
	EndGlobalSection
	GlobalSection(SolutionProperties) = preSolution
		HideSolutionNode = FALSE
	EndGlobalSection
	GlobalSection(ExtensibilityGlobals) = postSolution
		SolutionGuid = {76F29753-DC67-4B7A-AF40-C3F70B3FC6A7}
	EndGlobalSection
EndGlobal
